
Microsoft Visual Studio Solution File, Format Version 12.00
# Visual Studio 15
VisualStudioVersion = 15.0.28010.2026
MinimumVisualStudioVersion = 10.0.40219.1
Project("{FAE04EC0-301F-11D3-BF4B-00C04F79EFBC}") = "IdealeWareMVC", "IdealeWareMVC\IdealeWareMVC.csproj", "{69DC94EF-3FE7-48F4-99CB-29AC5C179023}"
EndProject
Global
	GlobalSection(SolutionConfigurationPlatforms) = preSolution
		Debug|Any CPU = Debug|Any CPU
		Release|Any CPU = Release|Any CPU
	EndGlobalSection
	GlobalSection(ProjectConfigurationPlatforms) = postSolution
		{69DC94EF-3FE7-48F4-99CB-29AC5C179023}.Debug|Any CPU.ActiveCfg = Debug|Any CPU
		{69DC94EF-3FE7-48F4-99CB-29AC5C179023}.Debug|Any CPU.Build.0 = Debug|Any CPU
		{69DC94EF-3FE7-48F4-99CB-29AC5C179023}.Release|Any CPU.ActiveCfg = Release|Any CPU
		{69DC94EF-3FE7-48F4-99CB-29AC5C179023}.Release|Any CPU.Build.0 = Release|Any CPU
	EndGlobalSection
	GlobalSection(SolutionProperties) = preSolution
		HideSolutionNode = FALSE
	EndGlobalSection
	GlobalSection(ExtensibilityGlobals) = postSolution
		SolutionGuid = {E3413326-E482-47CE-AAE2-80FA424A78EC}
	EndGlobalSection
EndGlobal
